// !$*UTF8*$!
{
	archiveVersion = 1;
	classes = {
	};
	objectVersion = 46;
	objects = {

/* Begin PBXBuildFile section */
		7EE82B0622EFCEC12E0CA039 /* libPods-depa.a in Frameworks */ = {isa = PBXBuildFile; fileRef = 78C59ACFBD53DB989F36E0A0 /* libPods-depa.a */; };
		DA2427A71C77A9FF00FE44B0 /* vplayitem.m in Sources */ = {isa = PBXBuildFile; fileRef = DA2427A61C77A9FF00FE44B0 /* vplayitem.m */; };
		DA2427AA1C77D14900FE44B0 /* aimateq.m in Sources */ = {isa = PBXBuildFile; fileRef = DA2427A91C77D14900FE44B0 /* aimateq.m */; };
		DA6972FC1C760A7100A2C6EB /* depa.db in Resources */ = {isa = PBXBuildFile; fileRef = DA6972FB1C760A7100A2C6EB /* depa.db */; };
		DA6972FE1C760BCD00A2C6EB /* Images.xcassets in Resources */ = {isa = PBXBuildFile; fileRef = DA6972FD1C760BCD00A2C6EB /* Images.xcassets */; };
		DA6973001C760C5400A2C6EB /* in in Resources */ = {isa = PBXBuildFile; fileRef = DA6972FF1C760C5400A2C6EB /* in */; };
		DA6973061C760D0600A2C6EB /* cplay.m in Sources */ = {isa = PBXBuildFile; fileRef = DA6973051C760D0600A2C6EB /* cplay.m */; };
		DA6973151C76328900A2C6EB /* urlpar.plist in Resources */ = {isa = PBXBuildFile; fileRef = DA6973141C76328900A2C6EB /* urlpar.plist */; };
		DA69731E1C764B6100A2C6EB /* acall.m in Sources */ = {isa = PBXBuildFile; fileRef = DA6973181C764B6100A2C6EB /* acall.m */; };
		DA69731F1C764B6100A2C6EB /* acallsearch.m in Sources */ = {isa = PBXBuildFile; fileRef = DA69731B1C764B6100A2C6EB /* acallsearch.m */; };
		DA6973201C764B6100A2C6EB /* amanager.m in Sources */ = {isa = PBXBuildFile; fileRef = DA69731D1C764B6100A2C6EB /* amanager.m */; };
		DA6973241C764C3600A2C6EB /* aparser.m in Sources */ = {isa = PBXBuildFile; fileRef = DA6973231C764C3600A2C6EB /* aparser.m */; };
		DA6973271C764C4700A2C6EB /* aparsersearch.m in Sources */ = {isa = PBXBuildFile; fileRef = DA6973261C764C4700A2C6EB /* aparsersearch.m */; };
		DA69732B1C76547B00A2C6EB /* msearch.m in Sources */ = {isa = PBXBuildFile; fileRef = DA69732A1C76547B00A2C6EB /* msearch.m */; };
		DA69732E1C76549400A2C6EB /* msearchresult.m in Sources */ = {isa = PBXBuildFile; fileRef = DA69732D1C76549400A2C6EB /* msearchresult.m */; };
		DA9141881C766669004BE5D1 /* vplay.m in Sources */ = {isa = PBXBuildFile; fileRef = DA9141871C766669004BE5D1 /* vplay.m */; };
		DA91418E1C766B77004BE5D1 /* vplayload.m in Sources */ = {isa = PBXBuildFile; fileRef = DA91418D1C766B77004BE5D1 /* vplayload.m */; };
		DA9141911C766C3F004BE5D1 /* cplayload.m in Sources */ = {isa = PBXBuildFile; fileRef = DA9141901C766C3F004BE5D1 /* cplayload.m */; };
		DA9141941C766C97004BE5D1 /* cplayitem.m in Sources */ = {isa = PBXBuildFile; fileRef = DA9141931C766C97004BE5D1 /* cplayitem.m */; };
		DA9141971C769440004BE5D1 /* vplaymenu.m in Sources */ = {isa = PBXBuildFile; fileRef = DA9141961C769440004BE5D1 /* vplaymenu.m */; };
		DA91419A1C769605004BE5D1 /* vplaymenucel.m in Sources */ = {isa = PBXBuildFile; fileRef = DA9141991C769605004BE5D1 /* vplaymenucel.m */; };
		DA9141A11C76969F004BE5D1 /* mplaymenu.m in Sources */ = {isa = PBXBuildFile; fileRef = DA9141A01C76969F004BE5D1 /* mplaymenu.m */; };
		DA9141A51C76971D004BE5D1 /* mplaymenulike.m in Sources */ = {isa = PBXBuildFile; fileRef = DA9141A41C76971D004BE5D1 /* mplaymenulike.m */; };
		DA9141A81C769738004BE5D1 /* mplaymenuno.m in Sources */ = {isa = PBXBuildFile; fileRef = DA9141A71C769738004BE5D1 /* mplaymenuno.m */; };
		DA9738A81C77918000F148FA /* imateq.xcassets in Resources */ = {isa = PBXBuildFile; fileRef = DA9738A71C77918000F148FA /* imateq.xcassets */; };
		DACDA83F1C76073200A37D15 /* analytics.plist in Resources */ = {isa = PBXBuildFile; fileRef = DACDA7F21C76073200A37D15 /* analytics.plist */; };
		DACDA8401C76073200A37D15 /* defs.plist in Resources */ = {isa = PBXBuildFile; fileRef = DACDA7F31C76073200A37D15 /* defs.plist */; };
		DACDA8411C76073200A37D15 /* Localizable.strings in Resources */ = {isa = PBXBuildFile; fileRef = DACDA7F41C76073200A37D15 /* Localizable.strings */; };
		DACDA8421C76073200A37D15 /* appdel.m in Sources */ = {isa = PBXBuildFile; fileRef = DACDA7FA1C76073200A37D15 /* appdel.m */; };
		DACDA8441C76073200A37D15 /* main.m in Sources */ = {isa = PBXBuildFile; fileRef = DACDA7FC1C76073200A37D15 /* main.m */; };
		DACDA8451C76073200A37D15 /* analytics.m in Sources */ = {isa = PBXBuildFile; fileRef = DACDA7FF1C76073200A37D15 /* analytics.m */; };
		DACDA8461C76073200A37D15 /* tools.m in Sources */ = {isa = PBXBuildFile; fileRef = DACDA8031C76073200A37D15 /* tools.m */; };
		DACDA8471C76073200A37D15 /* updater.m in Sources */ = {isa = PBXBuildFile; fileRef = DACDA8051C76073200A37D15 /* updater.m */; };
		DACDA8481C76073200A37D15 /* libdb.a in Frameworks */ = {isa = PBXBuildFile; fileRef = DACDA80B1C76073200A37D15 /* libdb.a */; };
		DACDA8491C76073200A37D15 /* libtimerbg.a in Frameworks */ = {isa = PBXBuildFile; fileRef = DACDA80C1C76073200A37D15 /* libtimerbg.a */; };
		DACDA84A1C76073200A37D15 /* cmain.m in Sources */ = {isa = PBXBuildFile; fileRef = DACDA8151C76073200A37D15 /* cmain.m */; };
		DACDA84B1C76073200A37D15 /* crate.m in Sources */ = {isa = PBXBuildFile; fileRef = DACDA8171C76073200A37D15 /* crate.m */; };
		DACDA84C1C76073200A37D15 /* cpages.m in Sources */ = {isa = PBXBuildFile; fileRef = DACDA81A1C76073200A37D15 /* cpages.m */; };
		DACDA84D1C76073200A37D15 /* mdb.m in Sources */ = {isa = PBXBuildFile; fileRef = DACDA81E1C76073200A37D15 /* mdb.m */; };
		DACDA84E1C76073200A37D15 /* mdbcreate.m in Sources */ = {isa = PBXBuildFile; fileRef = DACDA8201C76073200A37D15 /* mdbcreate.m */; };
		DACDA84F1C76073200A37D15 /* mdirs.m in Sources */ = {isa = PBXBuildFile; fileRef = DACDA8231C76073200A37D15 /* mdirs.m */; };
		DACDA8501C76073200A37D15 /* msettings.m in Sources */ = {isa = PBXBuildFile; fileRef = DACDA8271C76073200A37D15 /* msettings.m */; };
		DACDA8511C76073200A37D15 /* valert.m in Sources */ = {isa = PBXBuildFile; fileRef = DACDA82E1C76073200A37D15 /* valert.m */; };
		DACDA8521C76073200A37D15 /* vblur.m in Sources */ = {isa = PBXBuildFile; fileRef = DACDA8311C76073200A37D15 /* vblur.m */; };
		DACDA8531C76073200A37D15 /* viewbase.m in Sources */ = {isa = PBXBuildFile; fileRef = DACDA8331C76073200A37D15 /* viewbase.m */; };
		DACDA8541C76073200A37D15 /* vspinner.m in Sources */ = {isa = PBXBuildFile; fileRef = DACDA8351C76073200A37D15 /* vspinner.m */; };
		DACDA8551C76073200A37D15 /* vrate.m in Sources */ = {isa = PBXBuildFile; fileRef = DACDA8381C76073200A37D15 /* vrate.m */; };
		DACDA8561C76073200A37D15 /* vratemenu.m in Sources */ = {isa = PBXBuildFile; fileRef = DACDA83A1C76073200A37D15 /* vratemenu.m */; };
		DACDA8571C76073200A37D15 /* vratemenucel.m in Sources */ = {isa = PBXBuildFile; fileRef = DACDA83C1C76073200A37D15 /* vratemenucel.m */; };
/* End PBXBuildFile section */

/* Begin PBXFileReference section */
		2284DD2C1B759A0E96000387 /* Pods-depa.release.xcconfig */ = {isa = PBXFileReference; includeInIndex = 1; lastKnownFileType = text.xcconfig; name = "Pods-depa.release.xcconfig"; path = "Pods/Target Support Files/Pods-depa/Pods-depa.release.xcconfig"; sourceTree = "<group>"; };
		78C59ACFBD53DB989F36E0A0 /* libPods-depa.a */ = {isa = PBXFileReference; explicitFileType = archive.ar; includeInIndex = 0; path = "libPods-depa.a"; sourceTree = BUILT_PRODUCTS_DIR; };
		A34312FDD550DEFDE1A01CFF /* Pods-depa.debug.xcconfig */ = {isa = PBXFileReference; includeInIndex = 1; lastKnownFileType = text.xcconfig; name = "Pods-depa.debug.xcconfig"; path = "Pods/Target Support Files/Pods-depa/Pods-depa.debug.xcconfig"; sourceTree = "<group>"; };
		DA2427A51C77A9FF00FE44B0 /* vplayitem.h */ = {isa = PBXFileReference; fileEncoding = 4; lastKnownFileType = sourcecode.c.h; path = vplayitem.h; sourceTree = "<group>"; };
		DA2427A61C77A9FF00FE44B0 /* vplayitem.m */ = {isa = PBXFileReference; fileEncoding = 4; lastKnownFileType = sourcecode.c.objc; path = vplayitem.m; sourceTree = "<group>"; };
		DA2427A81C77D14900FE44B0 /* aimateq.h */ = {isa = PBXFileReference; fileEncoding = 4; lastKnownFileType = sourcecode.c.h; path = aimateq.h; sourceTree = "<group>"; };
		DA2427A91C77D14900FE44B0 /* aimateq.m */ = {isa = PBXFileReference; fileEncoding = 4; lastKnownFileType = sourcecode.c.objc; path = aimateq.m; sourceTree = "<group>"; };
		DA6972FB1C760A7100A2C6EB /* depa.db */ = {isa = PBXFileReference; fileEncoding = 4; lastKnownFileType = text; path = depa.db; sourceTree = "<group>"; };
		DA6972FD1C760BCD00A2C6EB /* Images.xcassets */ = {isa = PBXFileReference; lastKnownFileType = folder.assetcatalog; path = Images.xcassets; sourceTree = "<group>"; };
		DA6972FF1C760C5400A2C6EB /* in */ = {isa = PBXFileReference; lastKnownFileType = folder; path = in; sourceTree = "<group>"; };
		DA6973041C760D0600A2C6EB /* cplay.h */ = {isa = PBXFileReference; fileEncoding = 4; lastKnownFileType = sourcecode.c.h; path = cplay.h; sourceTree = "<group>"; };
		DA6973051C760D0600A2C6EB /* cplay.m */ = {isa = PBXFileReference; fileEncoding = 4; lastKnownFileType = sourcecode.c.objc; path = cplay.m; sourceTree = "<group>"; };
		DA6973081C76222C00A2C6EB /* a.h */ = {isa = PBXFileReference; lastKnownFileType = sourcecode.c.h; path = a.h; sourceTree = "<group>"; };
		DA6973141C76328900A2C6EB /* urlpar.plist */ = {isa = PBXFileReference; fileEncoding = 4; lastKnownFileType = text.plist.xml; path = urlpar.plist; sourceTree = "<group>"; };
		DA6973171C764B6100A2C6EB /* acall.h */ = {isa = PBXFileReference; fileEncoding = 4; lastKnownFileType = sourcecode.c.h; path = acall.h; sourceTree = "<group>"; };
		DA6973181C764B6100A2C6EB /* acall.m */ = {isa = PBXFileReference; fileEncoding = 4; lastKnownFileType = sourcecode.c.objc; path = acall.m; sourceTree = "<group>"; };
		DA6973191C764B6100A2C6EB /* acalldelegate.h */ = {isa = PBXFileReference; fileEncoding = 4; lastKnownFileType = sourcecode.c.h; path = acalldelegate.h; sourceTree = "<group>"; };
		DA69731A1C764B6100A2C6EB /* acallsearch.h */ = {isa = PBXFileReference; fileEncoding = 4; lastKnownFileType = sourcecode.c.h; path = acallsearch.h; sourceTree = "<group>"; };
		DA69731B1C764B6100A2C6EB /* acallsearch.m */ = {isa = PBXFileReference; fileEncoding = 4; lastKnownFileType = sourcecode.c.objc; path = acallsearch.m; sourceTree = "<group>"; };
		DA69731C1C764B6100A2C6EB /* amanager.h */ = {isa = PBXFileReference; fileEncoding = 4; lastKnownFileType = sourcecode.c.h; path = amanager.h; sourceTree = "<group>"; };
		DA69731D1C764B6100A2C6EB /* amanager.m */ = {isa = PBXFileReference; fileEncoding = 4; lastKnownFileType = sourcecode.c.objc; path = amanager.m; sourceTree = "<group>"; };
		DA6973221C764C3600A2C6EB /* aparser.h */ = {isa = PBXFileReference; fileEncoding = 4; lastKnownFileType = sourcecode.c.h; path = aparser.h; sourceTree = "<group>"; };
		DA6973231C764C3600A2C6EB /* aparser.m */ = {isa = PBXFileReference; fileEncoding = 4; lastKnownFileType = sourcecode.c.objc; path = aparser.m; sourceTree = "<group>"; };
		DA6973251C764C4700A2C6EB /* aparsersearch.h */ = {isa = PBXFileReference; fileEncoding = 4; lastKnownFileType = sourcecode.c.h; path = aparsersearch.h; sourceTree = "<group>"; };
		DA6973261C764C4700A2C6EB /* aparsersearch.m */ = {isa = PBXFileReference; fileEncoding = 4; lastKnownFileType = sourcecode.c.objc; path = aparsersearch.m; sourceTree = "<group>"; };
		DA6973291C76547B00A2C6EB /* msearch.h */ = {isa = PBXFileReference; fileEncoding = 4; lastKnownFileType = sourcecode.c.h; path = msearch.h; sourceTree = "<group>"; };
		DA69732A1C76547B00A2C6EB /* msearch.m */ = {isa = PBXFileReference; fileEncoding = 4; lastKnownFileType = sourcecode.c.objc; path = msearch.m; sourceTree = "<group>"; };
		DA69732C1C76549400A2C6EB /* msearchresult.h */ = {isa = PBXFileReference; fileEncoding = 4; lastKnownFileType = sourcecode.c.h; path = msearchresult.h; sourceTree = "<group>"; };
		DA69732D1C76549400A2C6EB /* msearchresult.m */ = {isa = PBXFileReference; fileEncoding = 4; lastKnownFileType = sourcecode.c.objc; path = msearchresult.m; sourceTree = "<group>"; };
		DA9141861C766669004BE5D1 /* vplay.h */ = {isa = PBXFileReference; fileEncoding = 4; lastKnownFileType = sourcecode.c.h; path = vplay.h; sourceTree = "<group>"; };
		DA9141871C766669004BE5D1 /* vplay.m */ = {isa = PBXFileReference; fileEncoding = 4; lastKnownFileType = sourcecode.c.objc; path = vplay.m; sourceTree = "<group>"; };
		DA91418C1C766B77004BE5D1 /* vplayload.h */ = {isa = PBXFileReference; fileEncoding = 4; lastKnownFileType = sourcecode.c.h; path = vplayload.h; sourceTree = "<group>"; };
		DA91418D1C766B77004BE5D1 /* vplayload.m */ = {isa = PBXFileReference; fileEncoding = 4; lastKnownFileType = sourcecode.c.objc; path = vplayload.m; sourceTree = "<group>"; };
		DA91418F1C766C3F004BE5D1 /* cplayload.h */ = {isa = PBXFileReference; fileEncoding = 4; lastKnownFileType = sourcecode.c.h; path = cplayload.h; sourceTree = "<group>"; };
		DA9141901C766C3F004BE5D1 /* cplayload.m */ = {isa = PBXFileReference; fileEncoding = 4; lastKnownFileType = sourcecode.c.objc; path = cplayload.m; sourceTree = "<group>"; };
		DA9141921C766C97004BE5D1 /* cplayitem.h */ = {isa = PBXFileReference; fileEncoding = 4; lastKnownFileType = sourcecode.c.h; path = cplayitem.h; sourceTree = "<group>"; };
		DA9141931C766C97004BE5D1 /* cplayitem.m */ = {isa = PBXFileReference; fileEncoding = 4; lastKnownFileType = sourcecode.c.objc; path = cplayitem.m; sourceTree = "<group>"; };
		DA9141951C769440004BE5D1 /* vplaymenu.h */ = {isa = PBXFileReference; fileEncoding = 4; lastKnownFileType = sourcecode.c.h; path = vplaymenu.h; sourceTree = "<group>"; };
		DA9141961C769440004BE5D1 /* vplaymenu.m */ = {isa = PBXFileReference; fileEncoding = 4; lastKnownFileType = sourcecode.c.objc; path = vplaymenu.m; sourceTree = "<group>"; };
		DA9141981C769605004BE5D1 /* vplaymenucel.h */ = {isa = PBXFileReference; fileEncoding = 4; lastKnownFileType = sourcecode.c.h; path = vplaymenucel.h; sourceTree = "<group>"; };
		DA9141991C769605004BE5D1 /* vplaymenucel.m */ = {isa = PBXFileReference; fileEncoding = 4; lastKnownFileType = sourcecode.c.objc; path = vplaymenucel.m; sourceTree = "<group>"; };
		DA91419F1C76969F004BE5D1 /* mplaymenu.h */ = {isa = PBXFileReference; fileEncoding = 4; lastKnownFileType = sourcecode.c.h; path = mplaymenu.h; sourceTree = "<group>"; };
		DA9141A01C76969F004BE5D1 /* mplaymenu.m */ = {isa = PBXFileReference; fileEncoding = 4; lastKnownFileType = sourcecode.c.objc; path = mplaymenu.m; sourceTree = "<group>"; };
		DA9141A21C7696AC004BE5D1 /* mplaymenuprotocol.h */ = {isa = PBXFileReference; fileEncoding = 4; lastKnownFileType = sourcecode.c.h; path = mplaymenuprotocol.h; sourceTree = "<group>"; };
		DA9141A31C76971D004BE5D1 /* mplaymenulike.h */ = {isa = PBXFileReference; fileEncoding = 4; lastKnownFileType = sourcecode.c.h; path = mplaymenulike.h; sourceTree = "<group>"; };
		DA9141A41C76971D004BE5D1 /* mplaymenulike.m */ = {isa = PBXFileReference; fileEncoding = 4; lastKnownFileType = sourcecode.c.objc; path = mplaymenulike.m; sourceTree = "<group>"; };
		DA9141A61C769738004BE5D1 /* mplaymenuno.h */ = {isa = PBXFileReference; fileEncoding = 4; lastKnownFileType = sourcecode.c.h; path = mplaymenuno.h; sourceTree = "<group>"; };
		DA9141A71C769738004BE5D1 /* mplaymenuno.m */ = {isa = PBXFileReference; fileEncoding = 4; lastKnownFileType = sourcecode.c.objc; path = mplaymenuno.m; sourceTree = "<group>"; };
		DA9738A71C77918000F148FA /* imateq.xcassets */ = {isa = PBXFileReference; lastKnownFileType = folder.assetcatalog; path = imateq.xcassets; sourceTree = "<group>"; };
		DAADE8431C755FB900489E6E /* depa.app */ = {isa = PBXFileReference; explicitFileType = wrapper.application; includeInIndex = 0; path = depa.app; sourceTree = BUILT_PRODUCTS_DIR; };
		DACDA7F21C76073200A37D15 /* analytics.plist */ = {isa = PBXFileReference; fileEncoding = 4; lastKnownFileType = text.plist.xml; path = analytics.plist; sourceTree = "<group>"; };
		DACDA7F31C76073200A37D15 /* defs.plist */ = {isa = PBXFileReference; fileEncoding = 4; lastKnownFileType = text.plist.xml; path = defs.plist; sourceTree = "<group>"; };
		DACDA7F51C76073200A37D15 /* en */ = {isa = PBXFileReference; lastKnownFileType = text.plist.strings; name = en; path = en.lproj/Localizable.strings; sourceTree = "<group>"; };
		DACDA7F61C76073200A37D15 /* es */ = {isa = PBXFileReference; lastKnownFileType = text.plist.strings; name = es; path = es.lproj/Localizable.strings; sourceTree = "<group>"; };
		DACDA7F91C76073200A37D15 /* appdel.h */ = {isa = PBXFileReference; fileEncoding = 4; lastKnownFileType = sourcecode.c.h; path = appdel.h; sourceTree = "<group>"; };
		DACDA7FA1C76073200A37D15 /* appdel.m */ = {isa = PBXFileReference; fileEncoding = 4; lastKnownFileType = sourcecode.c.objc; path = appdel.m; sourceTree = "<group>"; };
		DACDA7FB1C76073200A37D15 /* Info.plist */ = {isa = PBXFileReference; fileEncoding = 4; lastKnownFileType = text.plist.xml; path = Info.plist; sourceTree = "<group>"; };
		DACDA7FC1C76073200A37D15 /* main.m */ = {isa = PBXFileReference; fileEncoding = 4; lastKnownFileType = sourcecode.c.objc; path = main.m; sourceTree = "<group>"; };
		DACDA7FE1C76073200A37D15 /* analytics.h */ = {isa = PBXFileReference; fileEncoding = 4; lastKnownFileType = sourcecode.c.h; path = analytics.h; sourceTree = "<group>"; };
		DACDA7FF1C76073200A37D15 /* analytics.m */ = {isa = PBXFileReference; fileEncoding = 4; lastKnownFileType = sourcecode.c.objc; path = analytics.m; sourceTree = "<group>"; };
		DACDA8001C76073200A37D15 /* constants.h */ = {isa = PBXFileReference; fileEncoding = 4; lastKnownFileType = sourcecode.c.h; path = constants.h; sourceTree = "<group>"; };
		DACDA8011C76073200A37D15 /* generic.h */ = {isa = PBXFileReference; fileEncoding = 4; lastKnownFileType = sourcecode.c.h; path = generic.h; sourceTree = "<group>"; };
		DACDA8021C76073200A37D15 /* tools.h */ = {isa = PBXFileReference; fileEncoding = 4; lastKnownFileType = sourcecode.c.h; path = tools.h; sourceTree = "<group>"; };
		DACDA8031C76073200A37D15 /* tools.m */ = {isa = PBXFileReference; fileEncoding = 4; lastKnownFileType = sourcecode.c.objc; path = tools.m; sourceTree = "<group>"; };
		DACDA8041C76073200A37D15 /* updater.h */ = {isa = PBXFileReference; fileEncoding = 4; lastKnownFileType = sourcecode.c.h; path = updater.h; sourceTree = "<group>"; };
		DACDA8051C76073200A37D15 /* updater.m */ = {isa = PBXFileReference; fileEncoding = 4; lastKnownFileType = sourcecode.c.objc; path = updater.m; sourceTree = "<group>"; };
		DACDA8081C76073200A37D15 /* db.h */ = {isa = PBXFileReference; fileEncoding = 4; lastKnownFileType = sourcecode.c.h; path = db.h; sourceTree = "<group>"; };
		DACDA80A1C76073200A37D15 /* timerbg.h */ = {isa = PBXFileReference; fileEncoding = 4; lastKnownFileType = sourcecode.c.h; path = timerbg.h; sourceTree = "<group>"; };
		DACDA80B1C76073200A37D15 /* libdb.a */ = {isa = PBXFileReference; lastKnownFileType = archive.ar; path = libdb.a; sourceTree = "<group>"; };
		DACDA80C1C76073200A37D15 /* libtimerbg.a */ = {isa = PBXFileReference; lastKnownFileType = archive.ar; path = libtimerbg.a; sourceTree = "<group>"; };
		DACDA8121C76073200A37D15 /* c.h */ = {isa = PBXFileReference; fileEncoding = 4; lastKnownFileType = sourcecode.c.h; path = c.h; sourceTree = "<group>"; };
		DACDA8141C76073200A37D15 /* cmain.h */ = {isa = PBXFileReference; fileEncoding = 4; lastKnownFileType = sourcecode.c.h; path = cmain.h; sourceTree = "<group>"; };
		DACDA8151C76073200A37D15 /* cmain.m */ = {isa = PBXFileReference; fileEncoding = 4; lastKnownFileType = sourcecode.c.objc; path = cmain.m; sourceTree = "<group>"; };
		DACDA8161C76073200A37D15 /* crate.h */ = {isa = PBXFileReference; fileEncoding = 4; lastKnownFileType = sourcecode.c.h; path = crate.h; sourceTree = "<group>"; };
		DACDA8171C76073200A37D15 /* crate.m */ = {isa = PBXFileReference; fileEncoding = 4; lastKnownFileType = sourcecode.c.objc; path = crate.m; sourceTree = "<group>"; };
		DACDA8191C76073200A37D15 /* cpages.h */ = {isa = PBXFileReference; fileEncoding = 4; lastKnownFileType = sourcecode.c.h; path = cpages.h; sourceTree = "<group>"; };
		DACDA81A1C76073200A37D15 /* cpages.m */ = {isa = PBXFileReference; fileEncoding = 4; lastKnownFileType = sourcecode.c.objc; path = cpages.m; sourceTree = "<group>"; };
		DACDA81D1C76073200A37D15 /* mdb.h */ = {isa = PBXFileReference; fileEncoding = 4; lastKnownFileType = sourcecode.c.h; path = mdb.h; sourceTree = "<group>"; };
		DACDA81E1C76073200A37D15 /* mdb.m */ = {isa = PBXFileReference; fileEncoding = 4; lastKnownFileType = sourcecode.c.objc; path = mdb.m; sourceTree = "<group>"; };
		DACDA81F1C76073200A37D15 /* mdbcreate.h */ = {isa = PBXFileReference; fileEncoding = 4; lastKnownFileType = sourcecode.c.h; path = mdbcreate.h; sourceTree = "<group>"; };
		DACDA8201C76073200A37D15 /* mdbcreate.m */ = {isa = PBXFileReference; fileEncoding = 4; lastKnownFileType = sourcecode.c.objc; path = mdbcreate.m; sourceTree = "<group>"; };
		DACDA8221C76073200A37D15 /* mdirs.h */ = {isa = PBXFileReference; fileEncoding = 4; lastKnownFileType = sourcecode.c.h; path = mdirs.h; sourceTree = "<group>"; };
		DACDA8231C76073200A37D15 /* mdirs.m */ = {isa = PBXFileReference; fileEncoding = 4; lastKnownFileType = sourcecode.c.objc; path = mdirs.m; sourceTree = "<group>"; };
		DACDA8251C76073200A37D15 /* mgeneral.h */ = {isa = PBXFileReference; fileEncoding = 4; lastKnownFileType = sourcecode.c.h; path = mgeneral.h; sourceTree = "<group>"; };
		DACDA8261C76073200A37D15 /* msettings.h */ = {isa = PBXFileReference; fileEncoding = 4; lastKnownFileType = sourcecode.c.h; path = msettings.h; sourceTree = "<group>"; };
		DACDA8271C76073200A37D15 /* msettings.m */ = {isa = PBXFileReference; fileEncoding = 4; lastKnownFileType = sourcecode.c.objc; path = msettings.m; sourceTree = "<group>"; };
		DACDA8281C76073200A37D15 /* m.h */ = {isa = PBXFileReference; fileEncoding = 4; lastKnownFileType = sourcecode.c.h; path = m.h; sourceTree = "<group>"; };
		DACDA82A1C76073200A37D15 /* s.h */ = {isa = PBXFileReference; fileEncoding = 4; lastKnownFileType = sourcecode.c.h; path = s.h; sourceTree = "<group>"; };
		DACDA82D1C76073200A37D15 /* valert.h */ = {isa = PBXFileReference; fileEncoding = 4; lastKnownFileType = sourcecode.c.h; path = valert.h; sourceTree = "<group>"; };
		DACDA82E1C76073200A37D15 /* valert.m */ = {isa = PBXFileReference; fileEncoding = 4; lastKnownFileType = sourcecode.c.objc; path = valert.m; sourceTree = "<group>"; };
		DACDA8301C76073200A37D15 /* vblur.h */ = {isa = PBXFileReference; fileEncoding = 4; lastKnownFileType = sourcecode.c.h; path = vblur.h; sourceTree = "<group>"; };
		DACDA8311C76073200A37D15 /* vblur.m */ = {isa = PBXFileReference; fileEncoding = 4; lastKnownFileType = sourcecode.c.objc; path = vblur.m; sourceTree = "<group>"; };
		DACDA8321C76073200A37D15 /* viewbase.h */ = {isa = PBXFileReference; fileEncoding = 4; lastKnownFileType = sourcecode.c.h; path = viewbase.h; sourceTree = "<group>"; };
		DACDA8331C76073200A37D15 /* viewbase.m */ = {isa = PBXFileReference; fileEncoding = 4; lastKnownFileType = sourcecode.c.objc; path = viewbase.m; sourceTree = "<group>"; };
		DACDA8341C76073200A37D15 /* vspinner.h */ = {isa = PBXFileReference; fileEncoding = 4; lastKnownFileType = sourcecode.c.h; path = vspinner.h; sourceTree = "<group>"; };
		DACDA8351C76073200A37D15 /* vspinner.m */ = {isa = PBXFileReference; fileEncoding = 4; lastKnownFileType = sourcecode.c.objc; path = vspinner.m; sourceTree = "<group>"; };
		DACDA8371C76073200A37D15 /* vrate.h */ = {isa = PBXFileReference; fileEncoding = 4; lastKnownFileType = sourcecode.c.h; path = vrate.h; sourceTree = "<group>"; };
		DACDA8381C76073200A37D15 /* vrate.m */ = {isa = PBXFileReference; fileEncoding = 4; lastKnownFileType = sourcecode.c.objc; path = vrate.m; sourceTree = "<group>"; };
		DACDA8391C76073200A37D15 /* vratemenu.h */ = {isa = PBXFileReference; fileEncoding = 4; lastKnownFileType = sourcecode.c.h; path = vratemenu.h; sourceTree = "<group>"; };
		DACDA83A1C76073200A37D15 /* vratemenu.m */ = {isa = PBXFileReference; fileEncoding = 4; lastKnownFileType = sourcecode.c.objc; path = vratemenu.m; sourceTree = "<group>"; };
		DACDA83B1C76073200A37D15 /* vratemenucel.h */ = {isa = PBXFileReference; fileEncoding = 4; lastKnownFileType = sourcecode.c.h; path = vratemenucel.h; sourceTree = "<group>"; };
		DACDA83C1C76073200A37D15 /* vratemenucel.m */ = {isa = PBXFileReference; fileEncoding = 4; lastKnownFileType = sourcecode.c.objc; path = vratemenucel.m; sourceTree = "<group>"; };
		DACDA83D1C76073200A37D15 /* v.h */ = {isa = PBXFileReference; fileEncoding = 4; lastKnownFileType = sourcecode.c.h; path = v.h; sourceTree = "<group>"; };
		DACDA85C1C76086D00A37D15 /* private.h */ = {isa = PBXFileReference; fileEncoding = 4; lastKnownFileType = sourcecode.c.h; path = private.h; sourceTree = "<group>"; };
		DACDA85D1C76086D00A37D15 /* privateconstants.h */ = {isa = PBXFileReference; fileEncoding = 4; lastKnownFileType = sourcecode.c.h; path = privateconstants.h; sourceTree = "<group>"; };
/* End PBXFileReference section */

/* Begin PBXFrameworksBuildPhase section */
		DAADE8401C755FB900489E6E /* Frameworks */ = {
			isa = PBXFrameworksBuildPhase;
			buildActionMask = 2147483647;
			files = (
				DACDA8491C76073200A37D15 /* libtimerbg.a in Frameworks */,
				DACDA8481C76073200A37D15 /* libdb.a in Frameworks */,
				7EE82B0622EFCEC12E0CA039 /* libPods-depa.a in Frameworks */,
			);
			runOnlyForDeploymentPostprocessing = 0;
		};
/* End PBXFrameworksBuildPhase section */

/* Begin PBXGroup section */
		AB4E0AF9290284B33151FF99 /* Pods */ = {
			isa = PBXGroup;
			children = (
				A34312FDD550DEFDE1A01CFF /* Pods-depa.debug.xcconfig */,
				2284DD2C1B759A0E96000387 /* Pods-depa.release.xcconfig */,
			);
			name = Pods;
			sourceTree = "<group>";
		};
		DA6973031C760CF600A2C6EB /* play */ = {
			isa = PBXGroup;
			children = (
				DA6973041C760D0600A2C6EB /* cplay.h */,
				DA6973051C760D0600A2C6EB /* cplay.m */,
				DA91418F1C766C3F004BE5D1 /* cplayload.h */,
				DA9141901C766C3F004BE5D1 /* cplayload.m */,
				DA9141921C766C97004BE5D1 /* cplayitem.h */,
				DA9141931C766C97004BE5D1 /* cplayitem.m */,
			);
			path = play;
			sourceTree = "<group>";
		};
		DA6973071C76222400A2C6EB /* a */ = {
			isa = PBXGroup;
			children = (
				DA6973211C764C2800A2C6EB /* parser */,
				DA6973161C764B6100A2C6EB /* call */,
				DA6973081C76222C00A2C6EB /* a.h */,
			);
			path = a;
			sourceTree = "<group>";
		};
		DA6973161C764B6100A2C6EB /* call */ = {
			isa = PBXGroup;
			children = (
				DA6973171C764B6100A2C6EB /* acall.h */,
				DA6973181C764B6100A2C6EB /* acall.m */,
				DA6973191C764B6100A2C6EB /* acalldelegate.h */,
				DA69731A1C764B6100A2C6EB /* acallsearch.h */,
				DA69731B1C764B6100A2C6EB /* acallsearch.m */,
				DA69731C1C764B6100A2C6EB /* amanager.h */,
				DA69731D1C764B6100A2C6EB /* amanager.m */,
				DA2427A81C77D14900FE44B0 /* aimateq.h */,
				DA2427A91C77D14900FE44B0 /* aimateq.m */,
			);
			path = call;
			sourceTree = "<group>";
		};
		DA6973211C764C2800A2C6EB /* parser */ = {
			isa = PBXGroup;
			children = (
				DA6973221C764C3600A2C6EB /* aparser.h */,
				DA6973231C764C3600A2C6EB /* aparser.m */,
				DA6973251C764C4700A2C6EB /* aparsersearch.h */,
				DA6973261C764C4700A2C6EB /* aparsersearch.m */,
			);
			path = parser;
			sourceTree = "<group>";
		};
		DA6973281C76546900A2C6EB /* search */ = {
			isa = PBXGroup;
			children = (
				DA6973291C76547B00A2C6EB /* msearch.h */,
				DA69732A1C76547B00A2C6EB /* msearch.m */,
				DA69732C1C76549400A2C6EB /* msearchresult.h */,
				DA69732D1C76549400A2C6EB /* msearchresult.m */,
			);
			path = search;
			sourceTree = "<group>";
		};
		DA9141851C766646004BE5D1 /* play */ = {
			isa = PBXGroup;
			children = (
				DA9141861C766669004BE5D1 /* vplay.h */,
				DA9141871C766669004BE5D1 /* vplay.m */,
				DA91418C1C766B77004BE5D1 /* vplayload.h */,
				DA91418D1C766B77004BE5D1 /* vplayload.m */,
				DA9141951C769440004BE5D1 /* vplaymenu.h */,
				DA9141961C769440004BE5D1 /* vplaymenu.m */,
				DA9141981C769605004BE5D1 /* vplaymenucel.h */,
				DA9141991C769605004BE5D1 /* vplaymenucel.m */,
				DA2427A51C77A9FF00FE44B0 /* vplayitem.h */,
				DA2427A61C77A9FF00FE44B0 /* vplayitem.m */,
			);
			path = play;
			sourceTree = "<group>";
		};
		DA91419B1C769674004BE5D1 /* play */ = {
			isa = PBXGroup;
			children = (
				DA91419F1C76969F004BE5D1 /* mplaymenu.h */,
				DA9141A01C76969F004BE5D1 /* mplaymenu.m */,
				DA9141A21C7696AC004BE5D1 /* mplaymenuprotocol.h */,
				DA9141A31C76971D004BE5D1 /* mplaymenulike.h */,
				DA9141A41C76971D004BE5D1 /* mplaymenulike.m */,
				DA9141A61C769738004BE5D1 /* mplaymenuno.h */,
				DA9141A71C769738004BE5D1 /* mplaymenuno.m */,
			);
			path = play;
			sourceTree = "<group>";
		};
		DAADE83A1C755FB900489E6E = {
			isa = PBXGroup;
			children = (
				DAADE8451C755FB900489E6E /* depa */,
				DAADE8441C755FB900489E6E /* Products */,
				AB4E0AF9290284B33151FF99 /* Pods */,
				DE15BEF0973E01072524BBA8 /* Frameworks */,
			);
			sourceTree = "<group>";
		};
		DAADE8441C755FB900489E6E /* Products */ = {
			isa = PBXGroup;
			children = (
				DAADE8431C755FB900489E6E /* depa.app */,
			);
			name = Products;
			sourceTree = "<group>";
		};
		DAADE8451C755FB900489E6E /* depa */ = {
			isa = PBXGroup;
			children = (
				DACDA7EC1C76073200A37D15 /* db */,
				DACDA7EE1C76073200A37D15 /* imateq */,
				DACDA7F11C76073200A37D15 /* langteq */,
				DACDA7F71C76073200A37D15 /* sourceteq */,
				DA6972FD1C760BCD00A2C6EB /* Images.xcassets */,
			);
			path = depa;
			sourceTree = "<group>";
		};
		DACDA7EC1C76073200A37D15 /* db */ = {
			isa = PBXGroup;
			children = (
				DA6972FB1C760A7100A2C6EB /* depa.db */,
			);
			path = db;
			sourceTree = "<group>";
		};
		DACDA7EE1C76073200A37D15 /* imateq */ = {
			isa = PBXGroup;
			children = (
				DA6972FF1C760C5400A2C6EB /* in */,
				DA9738A71C77918000F148FA /* imateq.xcassets */,
			);
			path = imateq;
			sourceTree = "<group>";
		};
		DACDA7F11C76073200A37D15 /* langteq */ = {
			isa = PBXGroup;
			children = (
				DACDA7F21C76073200A37D15 /* analytics.plist */,
				DACDA7F31C76073200A37D15 /* defs.plist */,
				DACDA7F41C76073200A37D15 /* Localizable.strings */,
				DA6973141C76328900A2C6EB /* urlpar.plist */,
			);
			path = langteq;
			sourceTree = "<group>";
		};
		DACDA7F71C76073200A37D15 /* sourceteq */ = {
			isa = PBXGroup;
			children = (
				DACDA85B1C76086D00A37D15 /* private */,
				DACDA7F81C76073200A37D15 /* core */,
				DACDA7FD1C76073200A37D15 /* generic */,
				DACDA8061C76073200A37D15 /* lib */,
				DACDA80B1C76073200A37D15 /* libdb.a */,
				DACDA80C1C76073200A37D15 /* libtimerbg.a */,
				DACDA8101C76073200A37D15 /* source */,
			);
			path = sourceteq;
			sourceTree = "<group>";
		};
		DACDA7F81C76073200A37D15 /* core */ = {
			isa = PBXGroup;
			children = (
				DACDA7F91C76073200A37D15 /* appdel.h */,
				DACDA7FA1C76073200A37D15 /* appdel.m */,
				DACDA7FB1C76073200A37D15 /* Info.plist */,
				DACDA7FC1C76073200A37D15 /* main.m */,
			);
			path = core;
			sourceTree = "<group>";
		};
		DACDA7FD1C76073200A37D15 /* generic */ = {
			isa = PBXGroup;
			children = (
				DACDA7FE1C76073200A37D15 /* analytics.h */,
				DACDA7FF1C76073200A37D15 /* analytics.m */,
				DACDA8001C76073200A37D15 /* constants.h */,
				DACDA8011C76073200A37D15 /* generic.h */,
				DACDA8021C76073200A37D15 /* tools.h */,
				DACDA8031C76073200A37D15 /* tools.m */,
				DACDA8041C76073200A37D15 /* updater.h */,
				DACDA8051C76073200A37D15 /* updater.m */,
			);
			path = generic;
			sourceTree = "<group>";
		};
		DACDA8061C76073200A37D15 /* lib */ = {
			isa = PBXGroup;
			children = (
				DACDA8071C76073200A37D15 /* db */,
				DACDA8091C76073200A37D15 /* timerbg */,
			);
			path = lib;
			sourceTree = "<group>";
		};
		DACDA8071C76073200A37D15 /* db */ = {
			isa = PBXGroup;
			children = (
				DACDA8081C76073200A37D15 /* db.h */,
			);
			path = db;
			sourceTree = "<group>";
		};
		DACDA8091C76073200A37D15 /* timerbg */ = {
			isa = PBXGroup;
			children = (
				DACDA80A1C76073200A37D15 /* timerbg.h */,
			);
			path = timerbg;
			sourceTree = "<group>";
		};
		DACDA8101C76073200A37D15 /* source */ = {
			isa = PBXGroup;
			children = (
				DA6973071C76222400A2C6EB /* a */,
				DACDA8111C76073200A37D15 /* c */,
				DACDA81B1C76073200A37D15 /* m */,
				DACDA8291C76073200A37D15 /* s */,
				DACDA82B1C76073200A37D15 /* v */,
			);
			path = source;
			sourceTree = "<group>";
		};
		DACDA8111C76073200A37D15 /* c */ = {
			isa = PBXGroup;
			children = (
				DACDA8121C76073200A37D15 /* c.h */,
				DA6973031C760CF600A2C6EB /* play */,
				DACDA8131C76073200A37D15 /* main */,
				DACDA8181C76073200A37D15 /* pages */,
			);
			path = c;
			sourceTree = "<group>";
		};
		DACDA8131C76073200A37D15 /* main */ = {
			isa = PBXGroup;
			children = (
				DACDA8141C76073200A37D15 /* cmain.h */,
				DACDA8151C76073200A37D15 /* cmain.m */,
				DACDA8161C76073200A37D15 /* crate.h */,
				DACDA8171C76073200A37D15 /* crate.m */,
			);
			path = main;
			sourceTree = "<group>";
		};
		DACDA8181C76073200A37D15 /* pages */ = {
			isa = PBXGroup;
			children = (
				DACDA8191C76073200A37D15 /* cpages.h */,
				DACDA81A1C76073200A37D15 /* cpages.m */,
			);
			path = pages;
			sourceTree = "<group>";
		};
		DACDA81B1C76073200A37D15 /* m */ = {
			isa = PBXGroup;
			children = (
				DA91419B1C769674004BE5D1 /* play */,
				DA6973281C76546900A2C6EB /* search */,
				DACDA81C1C76073200A37D15 /* db */,
				DACDA8211C76073200A37D15 /* dirs */,
				DACDA8241C76073200A37D15 /* general */,
				DACDA8281C76073200A37D15 /* m.h */,
			);
			path = m;
			sourceTree = "<group>";
		};
		DACDA81C1C76073200A37D15 /* db */ = {
			isa = PBXGroup;
			children = (
				DACDA81D1C76073200A37D15 /* mdb.h */,
				DACDA81E1C76073200A37D15 /* mdb.m */,
				DACDA81F1C76073200A37D15 /* mdbcreate.h */,
				DACDA8201C76073200A37D15 /* mdbcreate.m */,
			);
			path = db;
			sourceTree = "<group>";
		};
		DACDA8211C76073200A37D15 /* dirs */ = {
			isa = PBXGroup;
			children = (
				DACDA8221C76073200A37D15 /* mdirs.h */,
				DACDA8231C76073200A37D15 /* mdirs.m */,
			);
			path = dirs;
			sourceTree = "<group>";
		};
		DACDA8241C76073200A37D15 /* general */ = {
			isa = PBXGroup;
			children = (
				DACDA8251C76073200A37D15 /* mgeneral.h */,
				DACDA8261C76073200A37D15 /* msettings.h */,
				DACDA8271C76073200A37D15 /* msettings.m */,
			);
			path = general;
			sourceTree = "<group>";
		};
		DACDA8291C76073200A37D15 /* s */ = {
			isa = PBXGroup;
			children = (
				DACDA82A1C76073200A37D15 /* s.h */,
			);
			path = s;
			sourceTree = "<group>";
		};
		DACDA82B1C76073200A37D15 /* v */ = {
			isa = PBXGroup;
			children = (
				DA9141851C766646004BE5D1 /* play */,
				DACDA82C1C76073200A37D15 /* alert */,
				DACDA82F1C76073200A37D15 /* general */,
				DACDA8361C76073200A37D15 /* main */,
				DACDA83D1C76073200A37D15 /* v.h */,
			);
			path = v;
			sourceTree = "<group>";
		};
		DACDA82C1C76073200A37D15 /* alert */ = {
			isa = PBXGroup;
			children = (
				DACDA82D1C76073200A37D15 /* valert.h */,
				DACDA82E1C76073200A37D15 /* valert.m */,
			);
			path = alert;
			sourceTree = "<group>";
		};
		DACDA82F1C76073200A37D15 /* general */ = {
			isa = PBXGroup;
			children = (
				DACDA8301C76073200A37D15 /* vblur.h */,
				DACDA8311C76073200A37D15 /* vblur.m */,
				DACDA8321C76073200A37D15 /* viewbase.h */,
				DACDA8331C76073200A37D15 /* viewbase.m */,
				DACDA8341C76073200A37D15 /* vspinner.h */,
				DACDA8351C76073200A37D15 /* vspinner.m */,
			);
			path = general;
			sourceTree = "<group>";
		};
		DACDA8361C76073200A37D15 /* main */ = {
			isa = PBXGroup;
			children = (
				DACDA8371C76073200A37D15 /* vrate.h */,
				DACDA8381C76073200A37D15 /* vrate.m */,
				DACDA8391C76073200A37D15 /* vratemenu.h */,
				DACDA83A1C76073200A37D15 /* vratemenu.m */,
				DACDA83B1C76073200A37D15 /* vratemenucel.h */,
				DACDA83C1C76073200A37D15 /* vratemenucel.m */,
			);
			path = main;
			sourceTree = "<group>";
		};
		DACDA85B1C76086D00A37D15 /* private */ = {
			isa = PBXGroup;
			children = (
				DACDA85C1C76086D00A37D15 /* private.h */,
				DACDA85D1C76086D00A37D15 /* privateconstants.h */,
			);
			path = private;
			sourceTree = "<group>";
		};
		DE15BEF0973E01072524BBA8 /* Frameworks */ = {
			isa = PBXGroup;
			children = (
				78C59ACFBD53DB989F36E0A0 /* libPods-depa.a */,
			);
			name = Frameworks;
			sourceTree = "<group>";
		};
/* End PBXGroup section */

/* Begin PBXNativeTarget section */
		DAADE8421C755FB900489E6E /* depa */ = {
			isa = PBXNativeTarget;
			buildConfigurationList = DAADE85A1C755FB900489E6E /* Build configuration list for PBXNativeTarget "depa" */;
			buildPhases = (
				1EBA22556BB5D97B4002D502 /* Check Pods Manifest.lock */,
				DAADE83F1C755FB900489E6E /* Sources */,
				DAADE8401C755FB900489E6E /* Frameworks */,
				DAADE8411C755FB900489E6E /* Resources */,
				3E532161D82269EC7F54515B /* Embed Pods Frameworks */,
				42047248BA6BF1822F5CFD1B /* Copy Pods Resources */,
			);
			buildRules = (
			);
			dependencies = (
			);
			name = depa;
			productName = depa;
			productReference = DAADE8431C755FB900489E6E /* depa.app */;
			productType = "com.apple.product-type.application";
		};
/* End PBXNativeTarget section */

/* Begin PBXProject section */
		DAADE83B1C755FB900489E6E /* Project object */ = {
			isa = PBXProject;
			attributes = {
				LastUpgradeCheck = 0720;
				ORGANIZATIONNAME = Iturbide;
				TargetAttributes = {
					DAADE8421C755FB900489E6E = {
						CreatedOnToolsVersion = 7.2;
					};
				};
			};
			buildConfigurationList = DAADE83E1C755FB900489E6E /* Build configuration list for PBXProject "depa" */;
			compatibilityVersion = "Xcode 3.2";
			developmentRegion = English;
			hasScannedForEncodings = 0;
			knownRegions = (
				en,
				Base,
				es,
			);
			mainGroup = DAADE83A1C755FB900489E6E;
			productRefGroup = DAADE8441C755FB900489E6E /* Products */;
			projectDirPath = "";
			projectRoot = "";
			targets = (
				DAADE8421C755FB900489E6E /* depa */,
			);
		};
/* End PBXProject section */

/* Begin PBXResourcesBuildPhase section */
		DAADE8411C755FB900489E6E /* Resources */ = {
			isa = PBXResourcesBuildPhase;
			buildActionMask = 2147483647;
			files = (
				DACDA8411C76073200A37D15 /* Localizable.strings in Resources */,
				DA6972FE1C760BCD00A2C6EB /* Images.xcassets in Resources */,
				DA9738A81C77918000F148FA /* imateq.xcassets in Resources */,
				DA6973151C76328900A2C6EB /* urlpar.plist in Resources */,
				DA6972FC1C760A7100A2C6EB /* depa.db in Resources */,
				DACDA8401C76073200A37D15 /* defs.plist in Resources */,
				DACDA83F1C76073200A37D15 /* analytics.plist in Resources */,
				DA6973001C760C5400A2C6EB /* in in Resources */,
			);
			runOnlyForDeploymentPostprocessing = 0;
		};
/* End PBXResourcesBuildPhase section */

/* Begin PBXShellScriptBuildPhase section */
		1EBA22556BB5D97B4002D502 /* Check Pods Manifest.lock */ = {
			isa = PBXShellScriptBuildPhase;
			buildActionMask = 2147483647;
			files = (
			);
			inputPaths = (
			);
			name = "Check Pods Manifest.lock";
			outputPaths = (
			);
			runOnlyForDeploymentPostprocessing = 0;
			shellPath = /bin/sh;
			shellScript = "diff \"${PODS_ROOT}/../Podfile.lock\" \"${PODS_ROOT}/Manifest.lock\" > /dev/null\nif [[ $? != 0 ]] ; then\n    cat << EOM\nerror: The sandbox is not in sync with the Podfile.lock. Run 'pod install' or update your CocoaPods installation.\nEOM\n    exit 1\nfi\n";
			showEnvVarsInLog = 0;
		};
		3E532161D82269EC7F54515B /* Embed Pods Frameworks */ = {
			isa = PBXShellScriptBuildPhase;
			buildActionMask = 2147483647;
			files = (
			);
			inputPaths = (
			);
			name = "Embed Pods Frameworks";
			outputPaths = (
			);
			runOnlyForDeploymentPostprocessing = 0;
			shellPath = /bin/sh;
			shellScript = "\"${SRCROOT}/Pods/Target Support Files/Pods-depa/Pods-depa-frameworks.sh\"\n";
			showEnvVarsInLog = 0;
		};
		42047248BA6BF1822F5CFD1B /* Copy Pods Resources */ = {
			isa = PBXShellScriptBuildPhase;
			buildActionMask = 2147483647;
			files = (
			);
			inputPaths = (
			);
			name = "Copy Pods Resources";
			outputPaths = (
			);
			runOnlyForDeploymentPostprocessing = 0;
			shellPath = /bin/sh;
			shellScript = "\"${SRCROOT}/Pods/Target Support Files/Pods-depa/Pods-depa-resources.sh\"\n";
			showEnvVarsInLog = 0;
		};
/* End PBXShellScriptBuildPhase section */

/* Begin PBXSourcesBuildPhase section */
		DAADE83F1C755FB900489E6E /* Sources */ = {
			isa = PBXSourcesBuildPhase;
			buildActionMask = 2147483647;
			files = (
				DACDA8501C76073200A37D15 /* msettings.m in Sources */,
				DACDA8551C76073200A37D15 /* vrate.m in Sources */,
				DA9141881C766669004BE5D1 /* vplay.m in Sources */,
				DACDA84A1C76073200A37D15 /* cmain.m in Sources */,
				DACDA8441C76073200A37D15 /* main.m in Sources */,
				DA2427A71C77A9FF00FE44B0 /* vplayitem.m in Sources */,
				DACDA8421C76073200A37D15 /* appdel.m in Sources */,
				DA6973271C764C4700A2C6EB /* aparsersearch.m in Sources */,
				DA9141971C769440004BE5D1 /* vplaymenu.m in Sources */,
				DACDA84D1C76073200A37D15 /* mdb.m in Sources */,
				DA91418E1C766B77004BE5D1 /* vplayload.m in Sources */,
				DACDA8521C76073200A37D15 /* vblur.m in Sources */,
				DACDA8451C76073200A37D15 /* analytics.m in Sources */,
				DACDA8461C76073200A37D15 /* tools.m in Sources */,
				DA2427AA1C77D14900FE44B0 /* aimateq.m in Sources */,
				DA6973201C764B6100A2C6EB /* amanager.m in Sources */,
				DA6973241C764C3600A2C6EB /* aparser.m in Sources */,
				DA69732E1C76549400A2C6EB /* msearchresult.m in Sources */,
				DACDA84F1C76073200A37D15 /* mdirs.m in Sources */,
				DACDA8471C76073200A37D15 /* updater.m in Sources */,
				DA9141A11C76969F004BE5D1 /* mplaymenu.m in Sources */,
				DA91419A1C769605004BE5D1 /* vplaymenucel.m in Sources */,
				DA69731F1C764B6100A2C6EB /* acallsearch.m in Sources */,
				DA9141A81C769738004BE5D1 /* mplaymenuno.m in Sources */,
				DA6973061C760D0600A2C6EB /* cplay.m in Sources */,
				DACDA8541C76073200A37D15 /* vspinner.m in Sources */,
				DA69732B1C76547B00A2C6EB /* msearch.m in Sources */,
				DA9141941C766C97004BE5D1 /* cplayitem.m in Sources */,
				DACDA8571C76073200A37D15 /* vratemenucel.m in Sources */,
				DACDA84C1C76073200A37D15 /* cpages.m in Sources */,
				DA69731E1C764B6100A2C6EB /* acall.m in Sources */,
				DACDA8561C76073200A37D15 /* vratemenu.m in Sources */,
				DA9141911C766C3F004BE5D1 /* cplayload.m in Sources */,
				DA9141A51C76971D004BE5D1 /* mplaymenulike.m in Sources */,
				DACDA8511C76073200A37D15 /* valert.m in Sources */,
				DACDA84B1C76073200A37D15 /* crate.m in Sources */,
				DACDA8531C76073200A37D15 /* viewbase.m in Sources */,
				DACDA84E1C76073200A37D15 /* mdbcreate.m in Sources */,
			);
			runOnlyForDeploymentPostprocessing = 0;
		};
/* End PBXSourcesBuildPhase section */

/* Begin PBXVariantGroup section */
		DACDA7F41C76073200A37D15 /* Localizable.strings */ = {
			isa = PBXVariantGroup;
			children = (
				DACDA7F51C76073200A37D15 /* en */,
				DACDA7F61C76073200A37D15 /* es */,
			);
			name = Localizable.strings;
			sourceTree = "<group>";
		};
/* End PBXVariantGroup section */

/* Begin XCBuildConfiguration section */
		DAADE8581C755FB900489E6E /* Debug */ = {
			isa = XCBuildConfiguration;
			buildSettings = {
				ALWAYS_SEARCH_USER_PATHS = NO;
				CLANG_CXX_LANGUAGE_STANDARD = "gnu++0x";
				CLANG_CXX_LIBRARY = "libc++";
				CLANG_ENABLE_MODULES = YES;
				CLANG_ENABLE_OBJC_ARC = YES;
				CLANG_WARN_BOOL_CONVERSION = YES;
				CLANG_WARN_CONSTANT_CONVERSION = YES;
				CLANG_WARN_DIRECT_OBJC_ISA_USAGE = YES_ERROR;
				CLANG_WARN_EMPTY_BODY = YES;
				CLANG_WARN_ENUM_CONVERSION = YES;
				CLANG_WARN_INT_CONVERSION = YES;
				CLANG_WARN_OBJC_ROOT_CLASS = YES_ERROR;
				CLANG_WARN_UNREACHABLE_CODE = YES;
				CLANG_WARN__DUPLICATE_METHOD_MATCH = YES;
				"CODE_SIGN_IDENTITY[sdk=iphoneos*]" = "iPhone Developer";
				COPY_PHASE_STRIP = NO;
				DEBUG_INFORMATION_FORMAT = dwarf;
				ENABLE_STRICT_OBJC_MSGSEND = YES;
				ENABLE_TESTABILITY = YES;
				GCC_C_LANGUAGE_STANDARD = gnu99;
				GCC_DYNAMIC_NO_PIC = NO;
				GCC_NO_COMMON_BLOCKS = YES;
				GCC_OPTIMIZATION_LEVEL = 0;
				GCC_PREPROCESSOR_DEFINITIONS = (
					"DEBUG=1",
					"$(inherited)",
				);
				GCC_WARN_64_TO_32_BIT_CONVERSION = YES;
				GCC_WARN_ABOUT_RETURN_TYPE = YES_ERROR;
				GCC_WARN_UNDECLARED_SELECTOR = YES;
				GCC_WARN_UNINITIALIZED_AUTOS = YES_AGGRESSIVE;
				GCC_WARN_UNUSED_FUNCTION = YES;
				GCC_WARN_UNUSED_VARIABLE = YES;
				IPHONEOS_DEPLOYMENT_TARGET = 7.0;
				MTL_ENABLE_DEBUG_INFO = YES;
				ONLY_ACTIVE_ARCH = YES;
				SDKROOT = iphoneos;
				TARGETED_DEVICE_FAMILY = "1,2";
			};
			name = Debug;
		};
		DAADE8591C755FB900489E6E /* Release */ = {
			isa = XCBuildConfiguration;
			buildSettings = {
				ALWAYS_SEARCH_USER_PATHS = NO;
				CLANG_CXX_LANGUAGE_STANDARD = "gnu++0x";
				CLANG_CXX_LIBRARY = "libc++";
				CLANG_ENABLE_MODULES = YES;
				CLANG_ENABLE_OBJC_ARC = YES;
				CLANG_WARN_BOOL_CONVERSION = YES;
				CLANG_WARN_CONSTANT_CONVERSION = YES;
				CLANG_WARN_DIRECT_OBJC_ISA_USAGE = YES_ERROR;
				CLANG_WARN_EMPTY_BODY = YES;
				CLANG_WARN_ENUM_CONVERSION = YES;
				CLANG_WARN_INT_CONVERSION = YES;
				CLANG_WARN_OBJC_ROOT_CLASS = YES_ERROR;
				CLANG_WARN_UNREACHABLE_CODE = YES;
				CLANG_WARN__DUPLICATE_METHOD_MATCH = YES;
				"CODE_SIGN_IDENTITY[sdk=iphoneos*]" = "iPhone Developer";
				COPY_PHASE_STRIP = NO;
				DEBUG_INFORMATION_FORMAT = "dwarf-with-dsym";
				ENABLE_NS_ASSERTIONS = NO;
				ENABLE_STRICT_OBJC_MSGSEND = YES;
				GCC_C_LANGUAGE_STANDARD = gnu99;
				GCC_NO_COMMON_BLOCKS = YES;
				GCC_WARN_64_TO_32_BIT_CONVERSION = YES;
				GCC_WARN_ABOUT_RETURN_TYPE = YES_ERROR;
				GCC_WARN_UNDECLARED_SELECTOR = YES;
				GCC_WARN_UNINITIALIZED_AUTOS = YES_AGGRESSIVE;
				GCC_WARN_UNUSED_FUNCTION = YES;
				GCC_WARN_UNUSED_VARIABLE = YES;
				IPHONEOS_DEPLOYMENT_TARGET = 7.0;
				MTL_ENABLE_DEBUG_INFO = NO;
				SDKROOT = iphoneos;
				TARGETED_DEVICE_FAMILY = "1,2";
				VALIDATE_PRODUCT = YES;
			};
			name = Release;
		};
		DAADE85B1C755FB900489E6E /* Debug */ = {
			isa = XCBuildConfiguration;
			baseConfigurationReference = A34312FDD550DEFDE1A01CFF /* Pods-depa.debug.xcconfig */;
			buildSettings = {
				ASSETCATALOG_COMPILER_APPICON_NAME = AppIcon;
				ASSETCATALOG_COMPILER_LAUNCHIMAGE_NAME = "Brand Assets";
				ENABLE_BITCODE = NO;
				INFOPLIST_FILE = "$(SRCROOT)/depa/sourceteq/core/Info.plist";
				LD_RUNPATH_SEARCH_PATHS = "$(inherited) @executable_path/Frameworks";
				LIBRARY_SEARCH_PATHS = (
					"$(inherited)",
					"$(PROJECT_DIR)/depa/sourceteq",
				);
				PRODUCT_BUNDLE_IDENTIFIER = iturbide.depa;
				PRODUCT_NAME = "$(TARGET_NAME)";
				TARGETED_DEVICE_FAMILY = "1,2";
			};
			name = Debug;
		};
		DAADE85C1C755FB900489E6E /* Release */ = {
			isa = XCBuildConfiguration;
			baseConfigurationReference = 2284DD2C1B759A0E96000387 /* Pods-depa.release.xcconfig */;
			buildSettings = {
				ASSETCATALOG_COMPILER_APPICON_NAME = AppIcon;
				ASSETCATALOG_COMPILER_LAUNCHIMAGE_NAME = "Brand Assets";
				ENABLE_BITCODE = NO;
				INFOPLIST_FILE = "$(SRCROOT)/depa/sourceteq/core/Info.plist";
				LD_RUNPATH_SEARCH_PATHS = "$(inherited) @executable_path/Frameworks";
				LIBRARY_SEARCH_PATHS = (
					"$(inherited)",
					"$(PROJECT_DIR)/depa/sourceteq",
				);
				PRODUCT_BUNDLE_IDENTIFIER = iturbide.depa;
				PRODUCT_NAME = "$(TARGET_NAME)";
				TARGETED_DEVICE_FAMILY = "1,2";
			};
			name = Release;
		};
/* End XCBuildConfiguration section */

/* Begin XCConfigurationList section */
		DAADE83E1C755FB900489E6E /* Build configuration list for PBXProject "depa" */ = {
			isa = XCConfigurationList;
			buildConfigurations = (
				DAADE8581C755FB900489E6E /* Debug */,
				DAADE8591C755FB900489E6E /* Release */,
			);
			defaultConfigurationIsVisible = 0;
			defaultConfigurationName = Release;
		};
		DAADE85A1C755FB900489E6E /* Build configuration list for PBXNativeTarget "depa" */ = {
			isa = XCConfigurationList;
			buildConfigurations = (
				DAADE85B1C755FB900489E6E /* Debug */,
				DAADE85C1C755FB900489E6E /* Release */,
			);
			defaultConfigurationIsVisible = 0;
			defaultConfigurationName = Release;
		};
/* End XCConfigurationList section */
	};
	rootObject = DAADE83B1C755FB900489E6E /* Project object */;
}
